
Microsoft Visual Studio Solution File, Format Version 12.00
# Visual Studio Version 17
VisualStudioVersion = 17.7.34221.43
MinimumVisualStudioVersion = 10.0.40219.1
Project("{FAE04EC0-301F-11D3-BF4B-00C04F79EFBC}") = "AOP", "AOP\AOP.csproj", "{9819C2E2-A78C-4208-B232-C6AA01CD8CE3}"
EndProject
Global
	GlobalSection(SolutionConfigurationPlatforms) = preSolution
		Debug|Any CPU = Debug|Any CPU
		Release|Any CPU = Release|Any CPU
	EndGlobalSection
	GlobalSection(ProjectConfigurationPlatforms) = postSolution
		{9819C2E2-A78C-4208-B232-C6AA01CD8CE3}.Debug|Any CPU.ActiveCfg = Debug|Any CPU
		{9819C2E2-A78C-4208-B232-C6AA01CD8CE3}.Debug|Any CPU.Build.0 = Debug|Any CPU
		{9819C2E2-A78C-4208-B232-C6AA01CD8CE3}.Release|Any CPU.ActiveCfg = Release|Any CPU
		{9819C2E2-A78C-4208-B232-C6AA01CD8CE3}.Release|Any CPU.Build.0 = Release|Any CPU
	EndGlobalSection
	GlobalSection(SolutionProperties) = preSolution
		HideSolutionNode = FALSE
	EndGlobalSection
	GlobalSection(ExtensibilityGlobals) = postSolution
		SolutionGuid = {14C3B29D-2645-4FE4-817E-63ABAABAAB76}
	EndGlobalSection
EndGlobal
